
Microsoft Visual Studio Solution File, Format Version 12.00
# Visual Studio Version 16
VisualStudioVersion = 16.0.29009.5
MinimumVisualStudioVersion = 10.0.40219.1
Project("{FAE04EC0-301F-11D3-BF4B-00C04F79EFBC}") = "wpf ex 2", "wpf ex 2\wpf ex 2.csproj", "{78D32C69-61D1-4412-A29C-939F813C350B}"
EndProject
Global
	GlobalSection(SolutionConfigurationPlatforms) = preSolution
		Debug|Any CPU = Debug|Any CPU
		Release|Any CPU = Release|Any CPU
	EndGlobalSection
	GlobalSection(ProjectConfigurationPlatforms) = postSolution
		{78D32C69-61D1-4412-A29C-939F813C350B}.Debug|Any CPU.ActiveCfg = Debug|Any CPU
		{78D32C69-61D1-4412-A29C-939F813C350B}.Debug|Any CPU.Build.0 = Debug|Any CPU
		{78D32C69-61D1-4412-A29C-939F813C350B}.Release|Any CPU.ActiveCfg = Release|Any CPU
		{78D32C69-61D1-4412-A29C-939F813C350B}.Release|Any CPU.Build.0 = Release|Any CPU
	EndGlobalSection
	GlobalSection(SolutionProperties) = preSolution
		HideSolutionNode = FALSE
	EndGlobalSection
	GlobalSection(ExtensibilityGlobals) = postSolution
		SolutionGuid = {A7F0F3DC-74FE-4F71-9276-3253CA5D094A}
	EndGlobalSection
EndGlobal
